<?xml version="1.0" encoding="UTF-8" standalone="yes" ?>
<CodeBlocks_project_file>
	<FileVersion major="1" minor="6" />
	<Project>
		<Option title="proxtopus" />
		<Option pch_mode="2" />
		<Option compiler="gcc" />
		<Build>
			<Target title="Debug">
				<Option output="bin/proxtopus" prefix_auto="1" extension_auto="1" />
				<Option object_output="obj/Debug/" />
				<Option type="1" />
				<Option compiler="gcc" />
				<Compiler>
					<Add option="-m64" />
					<Add option="-g" />
					<Add option="-rdynamic" />
					<Add option="-D_DEBUG" />
					<Add option="-D_GLIBCXX_DEBUG" />
					<Add directory="proxtopus" />
				</Compiler>
				<Linker>
					<Add option="-m64" />
					<Add option="-g -rdynamic" />
				</Linker>
			</Target>
			<Target title="Release">
				<Option output="bin/proxtopus" prefix_auto="1" extension_auto="1" />
				<Option object_output="obj/Release/" />
				<Option type="1" />
				<Option compiler="gcc" />
				<Compiler>
					<Add option="-fomit-frame-pointer" />
					<Add option="-fexpensive-optimizations" />
					<Add option="-flto" />
					<Add option="-O3" />
				</Compiler>
				<Linker>
					<Add option="-flto" />
					<Add option="-s" />
				</Linker>
			</Target>
		</Build>
		<Compiler>
			<Add option="-Wfatal-errors" />
			<Add option="-Wall" />
			<Add option="-m64" />
			<Add option="-fexceptions" />
			<Add option="-std=c++20" />
			<Add directory="/home/user/dev/proxtopus/" />
		</Compiler>
		<Linker>
			<Add option="-m64" />
		</Linker>
		<Unit filename="botan/aead.h" />
		<Unit filename="botan/aes.cpp" />
		<Unit filename="botan/aes_ni.cpp" />
		<Unit filename="botan/aes_vaes.cpp" />
		<Unit filename="botan/aes_vperm.cpp" />
		<Unit filename="botan/alg_id.cpp" />
		<Unit filename="botan/allocator.h" />
		<Unit filename="botan/alt_name.cpp" />
		<Unit filename="botan/asn1_obj.cpp" />
		<Unit filename="botan/asn1_oid.cpp" />
		<Unit filename="botan/asn1_str.cpp" />
		<Unit filename="botan/asn1_time.cpp" />
		<Unit filename="botan/assert.h" />
		<Unit filename="botan/auto_rng.h" />
		<Unit filename="botan/ber_dec.cpp" />
		<Unit filename="botan/big_code.cpp" />
		<Unit filename="botan/big_ops2.cpp" />
		<Unit filename="botan/big_ops3.cpp" />
		<Unit filename="botan/big_rand.cpp" />
		<Unit filename="botan/bigint.cpp" />
		<Unit filename="botan/blake2b.cpp" />
		<Unit filename="botan/blinding.cpp" />
		<Unit filename="botan/block_cipher.h" />
		<Unit filename="botan/botan.h" />
		<Unit filename="botan/buf_comp.cpp" />
		<Unit filename="botan/buf_comp.h" />
		<Unit filename="botan/build.h" />
		<Unit filename="botan/calendar.cpp" />
		<Unit filename="botan/cbc.cpp" />
		<Unit filename="botan/certstor.cpp" />
		<Unit filename="botan/chacha20poly1305.cpp" />
		<Unit filename="botan/charset.cpp" />
		<Unit filename="botan/cipher_mode.h" />
		<Unit filename="botan/compiler.h" />
		<Unit filename="botan/concepts.h" />
		<Unit filename="botan/cpuid.cpp" />
		<Unit filename="botan/cpuid_x86.cpp" />
		<Unit filename="botan/credentials_manager.cpp" />
		<Unit filename="botan/crl_ent.cpp" />
		<Unit filename="botan/ct_utils.cpp" />
		<Unit filename="botan/ctr.cpp" />
		<Unit filename="botan/curve448_gf.cpp" />
		<Unit filename="botan/curve448_scalar.cpp" />
		<Unit filename="botan/data_snk.h" />
		<Unit filename="botan/data_src.cpp" />
		<Unit filename="botan/data_src.h" />
		<Unit filename="botan/der_enc.cpp" />
		<Unit filename="botan/dh.cpp" />
		<Unit filename="botan/divide.cpp" />
		<Unit filename="botan/dl_group.cpp" />
		<Unit filename="botan/dl_named.cpp" />
		<Unit filename="botan/dl_scheme.cpp" />
		<Unit filename="botan/donna.cpp" />
		<Unit filename="botan/dyn_load.cpp" />
		<Unit filename="botan/ec_apoint.cpp" />
		<Unit filename="botan/ec_group.cpp" />
		<Unit filename="botan/ec_inner_data.cpp" />
		<Unit filename="botan/ec_inner_pc.cpp" />
		<Unit filename="botan/ec_key_data.cpp" />
		<Unit filename="botan/ec_named.cpp" />
		<Unit filename="botan/ec_scalar.cpp" />
		<Unit filename="botan/ecc_key.cpp" />
		<Unit filename="botan/ecdh.cpp" />
		<Unit filename="botan/ecdsa.cpp" />
		<Unit filename="botan/ed25519.cpp" />
		<Unit filename="botan/ed25519_fe.cpp" />
		<Unit filename="botan/ed25519_key.cpp" />
		<Unit filename="botan/eme_pkcs.cpp" />
		<Unit filename="botan/emsa_pkcs1.cpp" />
		<Unit filename="botan/entropy_src.h" />
		<Unit filename="botan/exceptn.cpp" />
		<Unit filename="botan/exceptn.h" />
		<Unit filename="botan/filter.cpp" />
		<Unit filename="botan/filter.h" />
		<Unit filename="botan/gcm.cpp" />
		<Unit filename="botan/ge.cpp" />
		<Unit filename="botan/ghash.cpp" />
		<Unit filename="botan/ghash_cpu.cpp" />
		<Unit filename="botan/ghash_vperm.cpp" />
		<Unit filename="botan/hash.h" />
		<Unit filename="botan/hash_id.cpp" />
		<Unit filename="botan/hex.cpp" />
		<Unit filename="botan/hex.h" />
		<Unit filename="botan/hkdf.cpp" />
		<Unit filename="botan/hmac.cpp" />
		<Unit filename="botan/hmac_drbg.cpp" />
		<Unit filename="botan/hmac_drbg.h" />
		<Unit filename="botan/internal/aes.h" />
		<Unit filename="botan/internal/alignment_buffer.h" />
		<Unit filename="botan/internal/bit_ops.h" />
		<Unit filename="botan/internal/bswap.h" />
		<Unit filename="botan/internal/chacha20poly1305.h" />
		<Unit filename="botan/internal/cpuid.h" />
		<Unit filename="botan/internal/ct_utils.h" />
		<Unit filename="botan/internal/ctr.h" />
		<Unit filename="botan/internal/donna128.h" />
		<Unit filename="botan/internal/dyn_load.h" />
		<Unit filename="botan/internal/gcm.h" />
		<Unit filename="botan/internal/ghash.h" />
		<Unit filename="botan/internal/hkdf.h" />
		<Unit filename="botan/internal/hmac.h" />
		<Unit filename="botan/internal/int_utils.h" />
		<Unit filename="botan/internal/keccak_perm.h" />
		<Unit filename="botan/internal/keccak_perm_round.h" />
		<Unit filename="botan/internal/loadstor.h" />
		<Unit filename="botan/internal/md5.h" />
		<Unit filename="botan/internal/mdx_hash.h" />
		<Unit filename="botan/internal/mul128.h" />
		<Unit filename="botan/internal/os_utils.h" />
		<Unit filename="botan/internal/out_buf.h" />
		<Unit filename="botan/internal/parsing.h" />
		<Unit filename="botan/internal/rotate.h" />
		<Unit filename="botan/internal/salsa20.h" />
		<Unit filename="botan/internal/sha1.h" />
		<Unit filename="botan/internal/sha2_32.h" />
		<Unit filename="botan/internal/sha2_32_f.h" />
		<Unit filename="botan/internal/sha2_64.h" />
		<Unit filename="botan/internal/sha2_64_f.h" />
		<Unit filename="botan/internal/sha3.h" />
		<Unit filename="botan/internal/simd_32.h" />
		<Unit filename="botan/internal/simd_avx2.h" />
		<Unit filename="botan/internal/simd_avx512.h" />
		<Unit filename="botan/internal/stl_util.h" />
		<Unit filename="botan/kdf.h" />
		<Unit filename="botan/keccak_perm.cpp" />
		<Unit filename="botan/keccak_perm_bmi2.cpp" />
		<Unit filename="botan/keypair.cpp" />
		<Unit filename="botan/mac.h" />
		<Unit filename="botan/make_prm.cpp" />
		<Unit filename="botan/md5.cpp" />
		<Unit filename="botan/mem_ops.cpp" />
		<Unit filename="botan/mem_ops.h" />
		<Unit filename="botan/mem_utils.cpp" />
		<Unit filename="botan/mgf1.cpp" />
		<Unit filename="botan/mod_inv.cpp" />
		<Unit filename="botan/monty.cpp" />
		<Unit filename="botan/monty_exp.cpp" />
		<Unit filename="botan/mp_comba.cpp" />
		<Unit filename="botan/mp_karat.cpp" />
		<Unit filename="botan/mp_monty.cpp" />
		<Unit filename="botan/mp_monty_n.cpp" />
		<Unit filename="botan/msg_cert_req.cpp" />
		<Unit filename="botan/msg_cert_status.cpp" />
		<Unit filename="botan/msg_cert_verify.cpp" />
		<Unit filename="botan/msg_certificate_12.cpp" />
		<Unit filename="botan/msg_client_hello.cpp" />
		<Unit filename="botan/msg_client_kex.cpp" />
		<Unit filename="botan/msg_finished.cpp" />
		<Unit filename="botan/msg_hello_verify.cpp" />
		<Unit filename="botan/msg_server_hello.cpp" />
		<Unit filename="botan/msg_server_kex.cpp" />
		<Unit filename="botan/msg_session_ticket.cpp" />
		<Unit filename="botan/mutex.h" />
		<Unit filename="botan/name_constraint.cpp" />
		<Unit filename="botan/numthry.cpp" />
		<Unit filename="botan/ocsp.cpp" />
		<Unit filename="botan/ocsp_types.cpp" />
		<Unit filename="botan/os_utils.cpp" />
		<Unit filename="botan/pcurves.cpp" />
		<Unit filename="botan/pcurves_generic.cpp" />
		<Unit filename="botan/pcurves_secp224r1.cpp" />
		<Unit filename="botan/pcurves_secp256r1.cpp" />
		<Unit filename="botan/pcurves_secp384r1.cpp" />
		<Unit filename="botan/pcurves_secp521r1.cpp" />
		<Unit filename="botan/pem.cpp" />
		<Unit filename="botan/pk_algs.cpp" />
		<Unit filename="botan/pk_keys.cpp" />
		<Unit filename="botan/pk_ops.cpp" />
		<Unit filename="botan/pkcs8.cpp" />
		<Unit filename="botan/prf_tls.cpp" />
		<Unit filename="botan/primality.cpp" />
		<Unit filename="botan/primes.cpp" />
		<Unit filename="botan/pss_params.cpp" />
		<Unit filename="botan/pssr.cpp" />
		<Unit filename="botan/pubkey.cpp" />
		<Unit filename="botan/reducer.cpp" />
		<Unit filename="botan/rmd160.cpp" />
		<Unit filename="botan/rng.cpp" />
		<Unit filename="botan/rng.h" />
		<Unit filename="botan/rsa.cpp" />
		<Unit filename="botan/salsa20.cpp" />
		<Unit filename="botan/sc_muladd.cpp" />
		<Unit filename="botan/sc_reduce.cpp" />
		<Unit filename="botan/secmem.h" />
		<Unit filename="botan/sha1.cpp" />
		<Unit filename="botan/sha1_simd.cpp" />
		<Unit filename="botan/sha1_x86.cpp" />
		<Unit filename="botan/sha2_32.cpp" />
		<Unit filename="botan/sha2_32_avx2.cpp" />
		<Unit filename="botan/sha2_32_simd.cpp" />
		<Unit filename="botan/sha2_32_x86.cpp" />
		<Unit filename="botan/sha2_64.cpp" />
		<Unit filename="botan/sha2_64_avx2.cpp" />
		<Unit filename="botan/sha3.cpp" />
		<Unit filename="botan/sm3.cpp" />
		<Unit filename="botan/stateful_rng.cpp" />
		<Unit filename="botan/stateful_rng.h" />
		<Unit filename="botan/stream_cipher.h" />
		<Unit filename="botan/strong_type.h" />
		<Unit filename="botan/sym_algo.h" />
		<Unit filename="botan/symkey.h" />
		<Unit filename="botan/system_rng.cpp" />
		<Unit filename="botan/system_rng.h" />
		<Unit filename="botan/tls_alert.cpp" />
		<Unit filename="botan/tls_algos.cpp" />
		<Unit filename="botan/tls_callbacks.cpp" />
		<Unit filename="botan/tls_cbc.cpp" />
		<Unit filename="botan/tls_channel_impl_12.cpp" />
		<Unit filename="botan/tls_ciphersuite.cpp" />
		<Unit filename="botan/tls_extensions.cpp" />
		<Unit filename="botan/tls_extensions_cert_status_req.cpp" />
		<Unit filename="botan/tls_handshake_hash.cpp" />
		<Unit filename="botan/tls_handshake_io.cpp" />
		<Unit filename="botan/tls_handshake_state.cpp" />
		<Unit filename="botan/tls_handshake_transitions.cpp" />
		<Unit filename="botan/tls_policy.cpp" />
		<Unit filename="botan/tls_record.cpp" />
		<Unit filename="botan/tls_server_impl_12.cpp" />
		<Unit filename="botan/tls_session.cpp" />
		<Unit filename="botan/tls_session_key.cpp" />
		<Unit filename="botan/tls_session_manager.cpp" />
		<Unit filename="botan/tls_session_manager_memory.cpp" />
		<Unit filename="botan/tls_signature_scheme.cpp" />
		<Unit filename="botan/tls_suite_info.cpp" />
		<Unit filename="botan/tls_version.cpp" />
		<Unit filename="botan/types.h" />
		<Unit filename="botan/x25519.cpp" />
		<Unit filename="botan/x448.cpp" />
		<Unit filename="botan/x448_internal.cpp" />
		<Unit filename="botan/x509_crl.cpp" />
		<Unit filename="botan/x509_dn.cpp" />
		<Unit filename="botan/x509_ext.cpp" />
		<Unit filename="botan/x509_key.cpp" />
		<Unit filename="botan/x509_obj.cpp" />
		<Unit filename="botan/x509cert.cpp" />
		<Unit filename="botan/x509path.cpp" />
		<Unit filename="botan/xmd.cpp" />
		<Unit filename="debug/backward.cpp">
			<Option target="Debug" />
		</Unit>
		<Unit filename="debug/backward.hpp">
			<Option target="Debug" />
		</Unit>
		<Unit filename="debug/death_handler.h">
			<Option target="Debug" />
		</Unit>
		<Unit filename="debug/handler_dbg.cpp">
			<Option target="Debug" />
		</Unit>
		<Unit filename="debug/handler_dbg.h">
			<Option target="Debug" />
		</Unit>
		<Unit filename="proxtopus/aead_chacha20poly1305.cpp" />
		<Unit filename="proxtopus/arena.h" />
		<Unit filename="proxtopus/base.h" />
		<Unit filename="proxtopus/botan.cpp" />
		<Unit filename="proxtopus/chacha20.cpp" />
		<Unit filename="proxtopus/cipher_ss.cpp" />
		<Unit filename="proxtopus/cipher_ss.h" />
		<Unit filename="proxtopus/cmdline.cpp" />
		<Unit filename="proxtopus/cmdline.h" />
		<Unit filename="proxtopus/connect.cpp" />
		<Unit filename="proxtopus/connect.h" />
		<Unit filename="proxtopus/dnsq.cpp" />
		<Unit filename="proxtopus/dnsq.h" />
		<Unit filename="proxtopus/engine.cpp" />
		<Unit filename="proxtopus/engine.h" />
		<Unit filename="proxtopus/fsys.cpp" />
		<Unit filename="proxtopus/fsys.h" />
		<Unit filename="proxtopus/handler_http.cpp" />
		<Unit filename="proxtopus/handler_http.h" />
		<Unit filename="proxtopus/handler_ss.cpp" />
		<Unit filename="proxtopus/handler_ss.h" />
		<Unit filename="proxtopus/handlers.cpp" />
		<Unit filename="proxtopus/handlers.h" />
		<Unit filename="proxtopus/http_api.cpp" />
		<Unit filename="proxtopus/http_api.h" />
		<Unit filename="proxtopus/icpt.cpp" />
		<Unit filename="proxtopus/icpt.h" />
		<Unit filename="proxtopus/json.cpp" />
		<Unit filename="proxtopus/json.h" />
		<Unit filename="proxtopus/known_oids.cpp" />
		<Unit filename="proxtopus/list.h" />
		<Unit filename="proxtopus/listener.cpp" />
		<Unit filename="proxtopus/listener.h" />
		<Unit filename="proxtopus/loader.cpp" />
		<Unit filename="proxtopus/loader.h" />
		<Unit filename="proxtopus/logger.cpp" />
		<Unit filename="proxtopus/logger.h" />
		<Unit filename="proxtopus/macro.cpp" />
		<Unit filename="proxtopus/macro.h" />
		<Unit filename="proxtopus/main.cpp" />
		<Unit filename="proxtopus/main.h" />
		<Unit filename="proxtopus/mem.cpp" />
		<Unit filename="proxtopus/mem.h" />
		<Unit filename="proxtopus/netkit.cpp" />
		<Unit filename="proxtopus/netkit.h" />
		<Unit filename="proxtopus/os_tools.cpp" />
		<Unit filename="proxtopus/os_tools.h" />
		<Unit filename="proxtopus/pch.cpp" />
		<Unit filename="proxtopus/pch.h" />
		<Unit filename="proxtopus/proxy.cpp" />
		<Unit filename="proxtopus/proxy.h" />
		<Unit filename="proxtopus/proxy_ss.cpp" />
		<Unit filename="proxtopus/proxy_ss.h" />
		<Unit filename="proxtopus/ptrs.h" />
		<Unit filename="proxtopus/queue.h" />
		<Unit filename="proxtopus/resource.h" />
		<Unit filename="proxtopus/rndgen.cpp" />
		<Unit filename="proxtopus/rndgen.h" />
		<Unit filename="proxtopus/secure_vector.h" />
		<Unit filename="proxtopus/sodium_poly1305.cpp" />
		<Unit filename="proxtopus/spinlock.h" />
		<Unit filename="proxtopus/str_helpers.h" />
		<Unit filename="proxtopus/sts.cpp" />
		<Unit filename="proxtopus/sts.h" />
		<Unit filename="proxtopus/tests.cpp" />
		<Unit filename="proxtopus/tls.cpp" />
		<Unit filename="proxtopus/tls.h" />
		<Unit filename="proxtopus/tools.cpp" />
		<Unit filename="proxtopus/tools.h" />
		<Unit filename="proxtopus/transport.cpp" />
		<Unit filename="proxtopus/transport.h" />
		<Unit filename="proxtopus/transport_tls.cpp" />
		<Unit filename="proxtopus/transport_tls.h" />
		<Unit filename="proxtopus/watchdog.cpp" />
		<Unit filename="proxtopus/watchdog.h" />
		<Unit filename="res/help.txt">
			<Option compile="1" />
			<Option link="1" />
			<Option compiler="gcc" use="1" buildCommand="objcopy --input binary --output elf64-x86-64 --binary-architecture i386:x86-64 res/$file_name.txt $object" />
		</Unit>
		<Unit filename="res/help_nix.txt">
			<Option compile="1" />
			<Option link="1" />
			<Option compiler="gcc" use="1" buildCommand="objcopy --input binary --output elf64-x86-64 --binary-architecture i386:x86-64 res/$file_name.txt $object" />
		</Unit>
		<Extensions />
	</Project>
</CodeBlocks_project_file>
