<?xml version="1.0" encoding="UTF-8" standalone="yes" ?>
<CodeBlocks_project_file>
	<FileVersion major="1" minor="6" />
	<Project>
		<Option title="proxtopus" />
		<Option pch_mode="2" />
		<Option compiler="gcc" />
		<Build>
			<Target title="Debug">
				<Option output="bin/proxtopus" prefix_auto="1" extension_auto="1" />
				<Option object_output="obj/Debug/" />
				<Option type="1" />
				<Option compiler="gcc" />
				<Compiler>
					<Add option="-g" />
					<Add option="-rdynamic" />
					<Add option="-D_DEBUG" />
					<Add option="-D_GLIBCXX_DEBUG" />
					<Add directory="proxtopus" />
				</Compiler>
				<Linker>
					<Add option="-g -rdynamic" />
				</Linker>
			</Target>
			<Target title="Release">
				<Option output="bin/proxtopus" prefix_auto="1" extension_auto="1" />
				<Option object_output="obj/Release/" />
				<Option type="1" />
				<Option compiler="gcc" />
				<Compiler>
					<Add option="-fomit-frame-pointer" />
					<Add option="-fexpensive-optimizations" />
					<Add option="-flto" />
					<Add option="-O3" />
				</Compiler>
				<Linker>
					<Add option="-flto" />
					<Add option="-s" />
				</Linker>
			</Target>
		</Build>
		<Compiler>
			<Add option="-Wfatal-errors" />
			<Add option="-Wall" />
			<Add option="-m64" />
			<Add option="-fexceptions" />
			<Add option="-std=c++20" />
			<Add directory="/home/user/dev/proxtopus/" />
		</Compiler>
		<Linker>
			<Add option="-m64" />
		</Linker>
		<Unit filename="botan/aead.h" />
		<Unit filename="botan/aes.cpp" />
		<Unit filename="botan/aes_ni.cpp" />
		<Unit filename="botan/aes_vperm.cpp" />
		<Unit filename="botan/allocator.h" />
		<Unit filename="botan/assert.h" />
		<Unit filename="botan/auto_rng.h" />
		<Unit filename="botan/block_cipher.h" />
		<Unit filename="botan/botan.h" />
		<Unit filename="botan/buf_comp.h" />
		<Unit filename="botan/build.h" />
		<Unit filename="botan/chacha.cpp" />
		<Unit filename="botan/chacha20poly1305.cpp" />
		<Unit filename="botan/chacha_avx2.cpp" />
		<Unit filename="botan/chacha_avx512.cpp" />
		<Unit filename="botan/chacha_simd32.cpp" />
		<Unit filename="botan/cipher_mode.h" />
		<Unit filename="botan/compiler.h" />
		<Unit filename="botan/concepts.h" />
		<Unit filename="botan/cpuid.cpp" />
		<Unit filename="botan/cpuid_x86.cpp" />
		<Unit filename="botan/ctr.cpp" />
		<Unit filename="botan/data_snk.h" />
		<Unit filename="botan/data_src.h" />
		<Unit filename="botan/dyn_load.cpp" />
		<Unit filename="botan/entropy_src.h" />
		<Unit filename="botan/exceptn.cpp" />
		<Unit filename="botan/exceptn.h" />
		<Unit filename="botan/filter.cpp" />
		<Unit filename="botan/filter.h" />
		<Unit filename="botan/filters.h" />
		<Unit filename="botan/gcm.cpp" />
		<Unit filename="botan/ghash.cpp" />
		<Unit filename="botan/ghash_cpu.cpp" />
		<Unit filename="botan/ghash_vperm.cpp" />
		<Unit filename="botan/hash.h" />
		<Unit filename="botan/hex.h" />
		<Unit filename="botan/hkdf.cpp" />
		<Unit filename="botan/hmac.cpp" />
		<Unit filename="botan/hmac_drbg.cpp" />
		<Unit filename="botan/hmac_drbg.h" />
		<Unit filename="botan/internal/aes.h" />
		<Unit filename="botan/internal/alignment_buffer.h" />
		<Unit filename="botan/internal/bit_ops.h" />
		<Unit filename="botan/internal/bswap.h" />
		<Unit filename="botan/internal/chacha.h" />
		<Unit filename="botan/internal/chacha20poly1305.h" />
		<Unit filename="botan/internal/cpuid.h" />
		<Unit filename="botan/internal/ct_utils.h" />
		<Unit filename="botan/internal/ctr.h" />
		<Unit filename="botan/internal/donna128.h" />
		<Unit filename="botan/internal/dyn_load.h" />
		<Unit filename="botan/internal/fmt.h" />
		<Unit filename="botan/internal/gcm.h" />
		<Unit filename="botan/internal/ghash.h" />
		<Unit filename="botan/internal/hkdf.h" />
		<Unit filename="botan/internal/hmac.h" />
		<Unit filename="botan/internal/int_utils.h" />
		<Unit filename="botan/internal/keccak_perm.h" />
		<Unit filename="botan/internal/keccak_perm_round.h" />
		<Unit filename="botan/internal/loadstor.h" />
		<Unit filename="botan/internal/md5.h" />
		<Unit filename="botan/internal/mdx_hash.h" />
		<Unit filename="botan/internal/mul128.h" />
		<Unit filename="botan/internal/os_utils.h" />
		<Unit filename="botan/internal/out_buf.h" />
		<Unit filename="botan/internal/parsing.h" />
		<Unit filename="botan/internal/poly1305.h" />
		<Unit filename="botan/internal/rotate.h" />
		<Unit filename="botan/internal/salsa20.h" />
		<Unit filename="botan/internal/sha1.h" />
		<Unit filename="botan/internal/sha2_32.h" />
		<Unit filename="botan/internal/sha2_32_f.h" />
		<Unit filename="botan/internal/sha2_64.h" />
		<Unit filename="botan/internal/sha2_64_f.h" />
		<Unit filename="botan/internal/sha3.h" />
		<Unit filename="botan/internal/simd_32.h" />
		<Unit filename="botan/internal/simd_avx2.h" />
		<Unit filename="botan/internal/simd_avx512.h" />
		<Unit filename="botan/internal/stl_util.h" />
		<Unit filename="botan/internal/stream_mode.h" />
		<Unit filename="botan/kdf.h" />
		<Unit filename="botan/keccak_perm.cpp" />
		<Unit filename="botan/keccak_perm_bmi2.cpp" />
		<Unit filename="botan/mac.h" />
		<Unit filename="botan/md5.cpp" />
		<Unit filename="botan/mem_ops.cpp" />
		<Unit filename="botan/mem_ops.h" />
		<Unit filename="botan/mutex.h" />
		<Unit filename="botan/os_utils.cpp" />
		<Unit filename="botan/parsing.cpp" />
		<Unit filename="botan/pipe.h" />
		<Unit filename="botan/poly1305.cpp" />
		<Unit filename="botan/rng.cpp" />
		<Unit filename="botan/rng.h" />
		<Unit filename="botan/salsa20.cpp" />
		<Unit filename="botan/secmem.h" />
		<Unit filename="botan/sha1.cpp" />
		<Unit filename="botan/sha1_sse2.cpp" />
		<Unit filename="botan/sha1_x86.cpp" />
		<Unit filename="botan/sha2_32.cpp" />
		<Unit filename="botan/sha2_32_bmi2.cpp" />
		<Unit filename="botan/sha2_32_x86.cpp" />
		<Unit filename="botan/sha2_64.cpp" />
		<Unit filename="botan/sha2_64_bmi2.cpp" />
		<Unit filename="botan/sha3.cpp" />
		<Unit filename="botan/stateful_rng.cpp" />
		<Unit filename="botan/stateful_rng.h" />
		<Unit filename="botan/stream_cipher.h" />
		<Unit filename="botan/strong_type.h" />
		<Unit filename="botan/sym_algo.cpp" />
		<Unit filename="botan/sym_algo.h" />
		<Unit filename="botan/symkey.h" />
		<Unit filename="botan/system_rng.cpp" />
		<Unit filename="botan/system_rng.h" />
		<Unit filename="botan/types.h" />
		<Unit filename="debug/backward.cpp">
			<Option target="Debug" />
		</Unit>
		<Unit filename="debug/backward.hpp">
			<Option target="Debug" />
		</Unit>
		<Unit filename="debug/death_handler.h">
			<Option target="Debug" />
		</Unit>
		<Unit filename="debug/handler_dbg.cpp">
			<Option target="Debug" />
		</Unit>
		<Unit filename="debug/handler_dbg.h">
			<Option target="Debug" />
		</Unit>
		<Unit filename="proxtopus/base.h" />
		<Unit filename="proxtopus/botan.cpp" />
		<Unit filename="proxtopus/cipher_ss.cpp" />
		<Unit filename="proxtopus/cipher_ss.h" />
		<Unit filename="proxtopus/cmdline.cpp" />
		<Unit filename="proxtopus/cmdline.h" />
		<Unit filename="proxtopus/connect.cpp" />
		<Unit filename="proxtopus/connect.h" />
		<Unit filename="proxtopus/dnsq.cpp" />
		<Unit filename="proxtopus/dnsq.h" />
		<Unit filename="proxtopus/engine.cpp" />
		<Unit filename="proxtopus/engine.h" />
		<Unit filename="proxtopus/fsys.cpp" />
		<Unit filename="proxtopus/fsys.h" />
		<Unit filename="proxtopus/handler_http.cpp" />
		<Unit filename="proxtopus/handler_ss.cpp" />
		<Unit filename="proxtopus/handler_ss.h" />
		<Unit filename="proxtopus/handlers.cpp" />
		<Unit filename="proxtopus/handlers.h" />
		<Unit filename="proxtopus/http_api.cpp" />
		<Unit filename="proxtopus/icpt.cpp" />
		<Unit filename="proxtopus/json.cpp" />
		<Unit filename="proxtopus/list.h" />
		<Unit filename="proxtopus/listener.cpp" />
		<Unit filename="proxtopus/listener.h" />
		<Unit filename="proxtopus/loader.cpp" />
		<Unit filename="proxtopus/loader.h" />
		<Unit filename="proxtopus/logger.cpp" />
		<Unit filename="proxtopus/logger.h" />
		<Unit filename="proxtopus/macro.cpp" />
		<Unit filename="proxtopus/macro.h" />
		<Unit filename="proxtopus/main.cpp" />
		<Unit filename="proxtopus/mem.cpp" />
		<Unit filename="proxtopus/netkit.cpp" />
		<Unit filename="proxtopus/netkit.h" />
		<Unit filename="proxtopus/pch.cpp" />
		<Unit filename="proxtopus/pch.h" />
		<Unit filename="proxtopus/proxy.cpp" />
		<Unit filename="proxtopus/proxy.h" />
		<Unit filename="proxtopus/proxy_ss.cpp" />
		<Unit filename="proxtopus/proxy_ss.h" />
		<Unit filename="proxtopus/queue.h" />
		<Unit filename="proxtopus/resource.h" />
		<Unit filename="proxtopus/rndgen.cpp" />
		<Unit filename="proxtopus/rndgen.h" />
		<Unit filename="proxtopus/spinlock.h" />
		<Unit filename="proxtopus/str_helpers.h" />
		<Unit filename="proxtopus/sts.cpp" />
		<Unit filename="proxtopus/sts.h" />
		<Unit filename="proxtopus/tools.cpp" />
		<Unit filename="proxtopus/tools.h" />
		<Unit filename="res/help.txt">
			<Option compile="1" />
			<Option link="1" />
			<Option compiler="gcc" use="1" buildCommand="objcopy --input binary --output elf64-x86-64 --binary-architecture i386:x86-64 res/$file_name.txt $object" />
		</Unit>
		<Unit filename="res/help_nix.txt">
			<Option compile="1" />
			<Option link="1" />
			<Option compiler="gcc" use="1" buildCommand="objcopy --input binary --output elf64-x86-64 --binary-architecture i386:x86-64 res/$file_name.txt $object" />
		</Unit>
		<Extensions />
	</Project>
</CodeBlocks_project_file>
